
Microsoft Visual Studio Solution File, Format Version 12.00
Project("{FAE04EC0-301F-11D3-BF4B-00C04F79EFBC}") = "Domain", "src\Domain\Domain.csproj", "{9DE06C56-142E-498A-B0AF-180431061C18}"
EndProject
Project("{FAE04EC0-301F-11D3-BF4B-00C04F79EFBC}") = "Application", "src\Application\Application.csproj", "{11427B45-8142-43F7-BC57-0A2250BFE6F3}"
EndProject
Project("{FAE04EC0-301F-11D3-BF4B-00C04F79EFBC}") = "Infrastructure", "src\Infrastructure\Infrastructure.csproj", "{5511DFDF-C054-4F9B-BDBB-5563B6B82216}"
EndProject
Project("{FAE04EC0-301F-11D3-BF4B-00C04F79EFBC}") = "Cli", "src\Cli\Cli.csproj", "{33F28DCB-962A-4998-A1D5-73F2E4088B60}"
EndProject
Project("{FAE04EC0-301F-11D3-BF4B-00C04F79EFBC}") = "Application.UnitTests", "tests\Application.UnitTests\Application.UnitTests.csproj", "{C461C6CF-0669-440F-A45F-81996F93E020}"
EndProject
Project("{2150E333-8FDC-42A3-9474-1A3956D46DE8}") = "src", "src", "{596600B5-174B-4227-AD32-85E86D03E47B}"
EndProject
Project("{2150E333-8FDC-42A3-9474-1A3956D46DE8}") = "tests", "tests", "{3FF6AAD4-E72D-46DD-A3F5-BB5E90092BB3}"
EndProject
Project("{2150E333-8FDC-42A3-9474-1A3956D46DE8}") = "Solution Items", "Solution Items", "{99923C8B-C7F8-4E0B-87A9-8FFC35C6535D}"
	ProjectSection(SolutionItems) = preProject
		Directory.Build.props = Directory.Build.props
		Directory.Packages.props = Directory.Packages.props
		src\Cli\obj\Cli.csproj.nuget.g.targets = src\Cli\obj\Cli.csproj.nuget.g.targets
		src\Cli\obj\Cli.csproj.nuget.g.props = src\Cli\obj\Cli.csproj.nuget.g.props
		src\Cli\obj\project.nuget.cache = src\Cli\obj\project.nuget.cache
		src\Cli\obj\rider.project.model.nuget.info = src\Cli\obj\rider.project.model.nuget.info
		src\Cli\obj\project.assets.json = src\Cli\obj\project.assets.json
		src\Cli\obj\Cli.csproj.nuget.dgspec.json = src\Cli\obj\Cli.csproj.nuget.dgspec.json
		src\Cli\obj\Debug\net10.0\ref\Cli.dll = src\Cli\obj\Debug\net10.0\ref\Cli.dll
		src\Cli\obj\Debug\net10.0\Cli.csproj.AssemblyReference.cache = src\Cli\obj\Debug\net10.0\Cli.csproj.AssemblyReference.cache
		src\Cli\obj\Debug\net10.0\Cli.assets.cache = src\Cli\obj\Debug\net10.0\Cli.assets.cache
		src\Cli\obj\Debug\net10.0\refint\Cli.dll = src\Cli\obj\Debug\net10.0\refint\Cli.dll
		src\Cli\obj\Debug\net10.0\apphost = src\Cli\obj\Debug\net10.0\apphost
		src\Cli\obj\Debug\net10.0\Cli.csproj.Up2Date = src\Cli\obj\Debug\net10.0\Cli.csproj.Up2Date
		src\Cli\obj\Debug\net10.0\Cli.csproj.FileListAbsolute.txt = src\Cli\obj\Debug\net10.0\Cli.csproj.FileListAbsolute.txt
		src\Cli\obj\Debug\net10.0\Cli.GlobalUsings.g.cs = src\Cli\obj\Debug\net10.0\Cli.GlobalUsings.g.cs
		src\Cli\obj\Debug\net10.0\.NETCoreApp,Version = src\Cli\obj\Debug\net10.0\.NETCoreApp,Version
		src\Cli\obj\Debug\net10.0\Cli.AssemblyInfoInputs.cache = src\Cli\obj\Debug\net10.0\Cli.AssemblyInfoInputs.cache
		src\Cli\obj\Debug\net10.0\Cli.dll = src\Cli\obj\Debug\net10.0\Cli.dll
		src\Cli\obj\Debug\net10.0\Cli.AssemblyInfo.cs = src\Cli\obj\Debug\net10.0\Cli.AssemblyInfo.cs
		src\Cli\obj\Debug\net10.0\Cli.genruntimeconfig.cache = src\Cli\obj\Debug\net10.0\Cli.genruntimeconfig.cache
		src\Cli\obj\Debug\net10.0\Cli.csproj.CoreCompileInputs.cache = src\Cli\obj\Debug\net10.0\Cli.csproj.CoreCompileInputs.cache
		src\Cli\obj\Debug\net10.0\Cli.GeneratedMSBuildEditorConfig.editorconfig = src\Cli\obj\Debug\net10.0\Cli.GeneratedMSBuildEditorConfig.editorconfig
		src\Cli\obj\Debug\net10.0\Cli.pdb = src\Cli\obj\Debug\net10.0\Cli.pdb
		src\Cli\Cli.csproj = src\Cli\Cli.csproj
		src\Cli\bin\Debug\net10.0\Infrastructure.dll = src\Cli\bin\Debug\net10.0\Infrastructure.dll
		src\Cli\bin\Debug\net10.0\zh-Hans\Microsoft.CodeAnalysis.resources.dll = src\Cli\bin\Debug\net10.0\zh-Hans\Microsoft.CodeAnalysis.resources.dll
		src\Cli\bin\Debug\net10.0\zh-Hans\Microsoft.CodeAnalysis.CSharp.Workspaces.resources.dll = src\Cli\bin\Debug\net10.0\zh-Hans\Microsoft.CodeAnalysis.CSharp.Workspaces.resources.dll
		src\Cli\bin\Debug\net10.0\zh-Hans\Microsoft.CodeAnalysis.CSharp.resources.dll = src\Cli\bin\Debug\net10.0\zh-Hans\Microsoft.CodeAnalysis.CSharp.resources.dll
		src\Cli\bin\Debug\net10.0\zh-Hans\Microsoft.CodeAnalysis.Workspaces.resources.dll = src\Cli\bin\Debug\net10.0\zh-Hans\Microsoft.CodeAnalysis.Workspaces.resources.dll
		src\Cli\bin\Debug\net10.0\zh-Hans\Microsoft.CodeAnalysis.VisualBasic.Workspaces.resources.dll = src\Cli\bin\Debug\net10.0\zh-Hans\Microsoft.CodeAnalysis.VisualBasic.Workspaces.resources.dll
		src\Cli\bin\Debug\net10.0\zh-Hans\Microsoft.CodeAnalysis.VisualBasic.resources.dll = src\Cli\bin\Debug\net10.0\zh-Hans\Microsoft.CodeAnalysis.VisualBasic.resources.dll
		src\Cli\bin\Debug\net10.0\zh-Hans\Terminal.Gui.resources.dll = src\Cli\bin\Debug\net10.0\zh-Hans\Terminal.Gui.resources.dll
		src\Cli\bin\Debug\net10.0\zh-Hant\Microsoft.CodeAnalysis.resources.dll = src\Cli\bin\Debug\net10.0\zh-Hant\Microsoft.CodeAnalysis.resources.dll
		src\Cli\bin\Debug\net10.0\zh-Hant\Microsoft.CodeAnalysis.CSharp.Workspaces.resources.dll = src\Cli\bin\Debug\net10.0\zh-Hant\Microsoft.CodeAnalysis.CSharp.Workspaces.resources.dll
		src\Cli\bin\Debug\net10.0\zh-Hant\Microsoft.CodeAnalysis.CSharp.resources.dll = src\Cli\bin\Debug\net10.0\zh-Hant\Microsoft.CodeAnalysis.CSharp.resources.dll
		src\Cli\bin\Debug\net10.0\zh-Hant\Microsoft.CodeAnalysis.Workspaces.resources.dll = src\Cli\bin\Debug\net10.0\zh-Hant\Microsoft.CodeAnalysis.Workspaces.resources.dll
		src\Cli\bin\Debug\net10.0\zh-Hant\Microsoft.CodeAnalysis.VisualBasic.Workspaces.resources.dll = src\Cli\bin\Debug\net10.0\zh-Hant\Microsoft.CodeAnalysis.VisualBasic.Workspaces.resources.dll
		src\Cli\bin\Debug\net10.0\zh-Hant\Microsoft.CodeAnalysis.VisualBasic.resources.dll = src\Cli\bin\Debug\net10.0\zh-Hant\Microsoft.CodeAnalysis.VisualBasic.resources.dll
		src\Cli\bin\Debug\net10.0\Microsoft.EntityFrameworkCore.Sqlite.dll = src\Cli\bin\Debug\net10.0\Microsoft.EntityFrameworkCore.Sqlite.dll
		src\Cli\bin\Debug\net10.0\fr-FR\Terminal.Gui.resources.dll = src\Cli\bin\Debug\net10.0\fr-FR\Terminal.Gui.resources.dll
		src\Cli\bin\Debug\net10.0\pl\Microsoft.CodeAnalysis.resources.dll = src\Cli\bin\Debug\net10.0\pl\Microsoft.CodeAnalysis.resources.dll
		src\Cli\bin\Debug\net10.0\pl\Microsoft.CodeAnalysis.CSharp.Workspaces.resources.dll = src\Cli\bin\Debug\net10.0\pl\Microsoft.CodeAnalysis.CSharp.Workspaces.resources.dll
		src\Cli\bin\Debug\net10.0\pl\Microsoft.CodeAnalysis.CSharp.resources.dll = src\Cli\bin\Debug\net10.0\pl\Microsoft.CodeAnalysis.CSharp.resources.dll
		src\Cli\bin\Debug\net10.0\pl\Microsoft.CodeAnalysis.Workspaces.resources.dll = src\Cli\bin\Debug\net10.0\pl\Microsoft.CodeAnalysis.Workspaces.resources.dll
		src\Cli\bin\Debug\net10.0\pl\Microsoft.CodeAnalysis.VisualBasic.Workspaces.resources.dll = src\Cli\bin\Debug\net10.0\pl\Microsoft.CodeAnalysis.VisualBasic.Workspaces.resources.dll
		src\Cli\bin\Debug\net10.0\pl\Microsoft.CodeAnalysis.VisualBasic.resources.dll = src\Cli\bin\Debug\net10.0\pl\Microsoft.CodeAnalysis.VisualBasic.resources.dll
		src\Cli\bin\Debug\net10.0\ColorHelper.dll = src\Cli\bin\Debug\net10.0\ColorHelper.dll
		src\Cli\bin\Debug\net10.0\Microsoft.EntityFrameworkCore.dll = src\Cli\bin\Debug\net10.0\Microsoft.EntityFrameworkCore.dll
		src\Cli\bin\Debug\net10.0\Microsoft.CodeAnalysis.CSharp.Workspaces.dll = src\Cli\bin\Debug\net10.0\Microsoft.CodeAnalysis.CSharp.Workspaces.dll
		src\Cli\bin\Debug\net10.0\Terminal.Gui.dll = src\Cli\bin\Debug\net10.0\Terminal.Gui.dll
		src\Cli\bin\Debug\net10.0\Microsoft.Extensions.Hosting.Abstractions.dll = src\Cli\bin\Debug\net10.0\Microsoft.Extensions.Hosting.Abstractions.dll
		src\Cli\bin\Debug\net10.0\Microsoft.Extensions.Logging.dll = src\Cli\bin\Debug\net10.0\Microsoft.Extensions.Logging.dll
		src\Cli\bin\Debug\net10.0\System.Composition.Runtime.dll = src\Cli\bin\Debug\net10.0\System.Composition.Runtime.dll
		src\Cli\bin\Debug\net10.0\MediatR.dll = src\Cli\bin\Debug\net10.0\MediatR.dll
		src\Cli\bin\Debug\net10.0\Cli.deps.json = src\Cli\bin\Debug\net10.0\Cli.deps.json
		src\Cli\bin\Debug\net10.0\Microsoft.Extensions.Caching.Abstractions.dll = src\Cli\bin\Debug\net10.0\Microsoft.Extensions.Caching.Abstractions.dll
		src\Cli\bin\Debug\net10.0\Microsoft.Extensions.Logging.EventSource.dll = src\Cli\bin\Debug\net10.0\Microsoft.Extensions.Logging.EventSource.dll
		src\Cli\bin\Debug\net10.0\Microsoft.EntityFrameworkCore.Abstractions.dll = src\Cli\bin\Debug\net10.0\Microsoft.EntityFrameworkCore.Abstractions.dll
		src\Cli\bin\Debug\net10.0\Microsoft.Extensions.Options.ConfigurationExtensions.dll = src\Cli\bin\Debug\net10.0\Microsoft.Extensions.Options.ConfigurationExtensions.dll
		src\Cli\bin\Debug\net10.0\TestableIO.System.IO.Abstractions.dll = src\Cli\bin\Debug\net10.0\TestableIO.System.IO.Abstractions.dll
		src\Cli\bin\Debug\net10.0\Microsoft.Extensions.Logging.Abstractions.dll = src\Cli\bin\Debug\net10.0\Microsoft.Extensions.Logging.Abstractions.dll
		src\Cli\bin\Debug\net10.0\Microsoft.CodeAnalysis.CSharp.dll = src\Cli\bin\Debug\net10.0\Microsoft.CodeAnalysis.CSharp.dll
		src\Cli\bin\Debug\net10.0\Microsoft.Extensions.Logging.Configuration.dll = src\Cli\bin\Debug\net10.0\Microsoft.Extensions.Logging.Configuration.dll
		src\Cli\bin\Debug\net10.0\Microsoft.Extensions.Configuration.UserSecrets.dll = src\Cli\bin\Debug\net10.0\Microsoft.Extensions.Configuration.UserSecrets.dll
		src\Cli\bin\Debug\net10.0\Microsoft.Extensions.Configuration.FileExtensions.dll = src\Cli\bin\Debug\net10.0\Microsoft.Extensions.Configuration.FileExtensions.dll
		src\Cli\bin\Debug\net10.0\Microsoft.Extensions.Configuration.dll = src\Cli\bin\Debug\net10.0\Microsoft.Extensions.Configuration.dll
		src\Cli\bin\Debug\net10.0\ja\Microsoft.CodeAnalysis.resources.dll = src\Cli\bin\Debug\net10.0\ja\Microsoft.CodeAnalysis.resources.dll
		src\Cli\bin\Debug\net10.0\ja\Microsoft.CodeAnalysis.CSharp.Workspaces.resources.dll = src\Cli\bin\Debug\net10.0\ja\Microsoft.CodeAnalysis.CSharp.Workspaces.resources.dll
		src\Cli\bin\Debug\net10.0\ja\Microsoft.CodeAnalysis.CSharp.resources.dll = src\Cli\bin\Debug\net10.0\ja\Microsoft.CodeAnalysis.CSharp.resources.dll
		src\Cli\bin\Debug\net10.0\ja\Microsoft.CodeAnalysis.Workspaces.resources.dll = src\Cli\bin\Debug\net10.0\ja\Microsoft.CodeAnalysis.Workspaces.resources.dll
		src\Cli\bin\Debug\net10.0\ja\Microsoft.CodeAnalysis.VisualBasic.Workspaces.resources.dll = src\Cli\bin\Debug\net10.0\ja\Microsoft.CodeAnalysis.VisualBasic.Workspaces.resources.dll
		src\Cli\bin\Debug\net10.0\ja\Microsoft.CodeAnalysis.VisualBasic.resources.dll = src\Cli\bin\Debug\net10.0\ja\Microsoft.CodeAnalysis.VisualBasic.resources.dll
		src\Cli\bin\Debug\net10.0\Microsoft.Extensions.Logging.EventLog.dll = src\Cli\bin\Debug\net10.0\Microsoft.Extensions.Logging.EventLog.dll
		src\Cli\bin\Debug\net10.0\Infrastructure.pdb = src\Cli\bin\Debug\net10.0\Infrastructure.pdb
		src\Cli\bin\Debug\net10.0\it\Microsoft.CodeAnalysis.resources.dll = src\Cli\bin\Debug\net10.0\it\Microsoft.CodeAnalysis.resources.dll
		src\Cli\bin\Debug\net10.0\it\Microsoft.CodeAnalysis.CSharp.Workspaces.resources.dll = src\Cli\bin\Debug\net10.0\it\Microsoft.CodeAnalysis.CSharp.Workspaces.resources.dll
		src\Cli\bin\Debug\net10.0\it\Microsoft.CodeAnalysis.CSharp.resources.dll = src\Cli\bin\Debug\net10.0\it\Microsoft.CodeAnalysis.CSharp.resources.dll
		src\Cli\bin\Debug\net10.0\it\Microsoft.CodeAnalysis.Workspaces.resources.dll = src\Cli\bin\Debug\net10.0\it\Microsoft.CodeAnalysis.Workspaces.resources.dll
		src\Cli\bin\Debug\net10.0\it\Microsoft.CodeAnalysis.VisualBasic.Workspaces.resources.dll = src\Cli\bin\Debug\net10.0\it\Microsoft.CodeAnalysis.VisualBasic.Workspaces.resources.dll
		src\Cli\bin\Debug\net10.0\it\Microsoft.CodeAnalysis.VisualBasic.resources.dll = src\Cli\bin\Debug\net10.0\it\Microsoft.CodeAnalysis.VisualBasic.resources.dll
		src\Cli\bin\Debug\net10.0\Microsoft.Extensions.FileSystemGlobbing.dll = src\Cli\bin\Debug\net10.0\Microsoft.Extensions.FileSystemGlobbing.dll
		src\Cli\bin\Debug\net10.0\cs\Microsoft.CodeAnalysis.resources.dll = src\Cli\bin\Debug\net10.0\cs\Microsoft.CodeAnalysis.resources.dll
		src\Cli\bin\Debug\net10.0\cs\Microsoft.CodeAnalysis.CSharp.Workspaces.resources.dll = src\Cli\bin\Debug\net10.0\cs\Microsoft.CodeAnalysis.CSharp.Workspaces.resources.dll
		src\Cli\bin\Debug\net10.0\cs\Microsoft.CodeAnalysis.CSharp.resources.dll = src\Cli\bin\Debug\net10.0\cs\Microsoft.CodeAnalysis.CSharp.resources.dll
		src\Cli\bin\Debug\net10.0\cs\Microsoft.CodeAnalysis.Workspaces.resources.dll = src\Cli\bin\Debug\net10.0\cs\Microsoft.CodeAnalysis.Workspaces.resources.dll
		src\Cli\bin\Debug\net10.0\cs\Microsoft.CodeAnalysis.VisualBasic.Workspaces.resources.dll = src\Cli\bin\Debug\net10.0\cs\Microsoft.CodeAnalysis.VisualBasic.Workspaces.resources.dll
		src\Cli\bin\Debug\net10.0\cs\Microsoft.CodeAnalysis.VisualBasic.resources.dll = src\Cli\bin\Debug\net10.0\cs\Microsoft.CodeAnalysis.VisualBasic.resources.dll
		src\Cli\bin\Debug\net10.0\Microsoft.Extensions.DependencyModel.dll = src\Cli\bin\Debug\net10.0\Microsoft.Extensions.DependencyModel.dll
		src\Cli\bin\Debug\net10.0\Microsoft.Extensions.Primitives.dll = src\Cli\bin\Debug\net10.0\Microsoft.Extensions.Primitives.dll
		src\Cli\bin\Debug\net10.0\runtimes\maccatalyst-x64\native\libe_sqlite3.dylib = src\Cli\bin\Debug\net10.0\runtimes\maccatalyst-x64\native\libe_sqlite3.dylib
		src\Cli\bin\Debug\net10.0\runtimes\win-arm\native\e_sqlite3.dll = src\Cli\bin\Debug\net10.0\runtimes\win-arm\native\e_sqlite3.dll
		src\Cli\bin\Debug\net10.0\runtimes\osx-x64\native\libe_sqlite3.dylib = src\Cli\bin\Debug\net10.0\runtimes\osx-x64\native\libe_sqlite3.dylib
		src\Cli\bin\Debug\net10.0\runtimes\linux-arm\native\libe_sqlite3.so = src\Cli\bin\Debug\net10.0\runtimes\linux-arm\native\libe_sqlite3.so
		src\Cli\bin\Debug\net10.0\runtimes\linux-arm64\native\libe_sqlite3.so = src\Cli\bin\Debug\net10.0\runtimes\linux-arm64\native\libe_sqlite3.so
		src\Cli\bin\Debug\net10.0\runtimes\browser-wasm\nativeassets\net9.0\e_sqlite3.a = src\Cli\bin\Debug\net10.0\runtimes\browser-wasm\nativeassets\net9.0\e_sqlite3.a
		src\Cli\bin\Debug\net10.0\runtimes\linux-musl-arm64\native\libe_sqlite3.so = src\Cli\bin\Debug\net10.0\runtimes\linux-musl-arm64\native\libe_sqlite3.so
		src\Cli\bin\Debug\net10.0\runtimes\win\lib\net10.0\System.Diagnostics.EventLog.Messages.dll = src\Cli\bin\Debug\net10.0\runtimes\win\lib\net10.0\System.Diagnostics.EventLog.Messages.dll
		src\Cli\bin\Debug\net10.0\runtimes\win\lib\net10.0\System.Diagnostics.EventLog.dll = src\Cli\bin\Debug\net10.0\runtimes\win\lib\net10.0\System.Diagnostics.EventLog.dll
		src\Cli\bin\Debug\net10.0\runtimes\linux-x86\native\libe_sqlite3.so = src\Cli\bin\Debug\net10.0\runtimes\linux-x86\native\libe_sqlite3.so
		src\Cli\bin\Debug\net10.0\runtimes\win-x86\native\e_sqlite3.dll = src\Cli\bin\Debug\net10.0\runtimes\win-x86\native\e_sqlite3.dll
		src\Cli\bin\Debug\net10.0\runtimes\linux-mips64\native\libe_sqlite3.so = src\Cli\bin\Debug\net10.0\runtimes\linux-mips64\native\libe_sqlite3.so
		src\Cli\bin\Debug\net10.0\runtimes\linux-musl-x64\native\libe_sqlite3.so = src\Cli\bin\Debug\net10.0\runtimes\linux-musl-x64\native\libe_sqlite3.so
		src\Cli\bin\Debug\net10.0\runtimes\osx-arm64\native\libe_sqlite3.dylib = src\Cli\bin\Debug\net10.0\runtimes\osx-arm64\native\libe_sqlite3.dylib
		src\Cli\bin\Debug\net10.0\runtimes\linux-musl-riscv64\native\libe_sqlite3.so = src\Cli\bin\Debug\net10.0\runtimes\linux-musl-riscv64\native\libe_sqlite3.so
		src\Cli\bin\Debug\net10.0\runtimes\win-x64\native\e_sqlite3.dll = src\Cli\bin\Debug\net10.0\runtimes\win-x64\native\e_sqlite3.dll
		src\Cli\bin\Debug\net10.0\runtimes\linux-musl-s390x\native\libe_sqlite3.so = src\Cli\bin\Debug\net10.0\runtimes\linux-musl-s390x\native\libe_sqlite3.so
		src\Cli\bin\Debug\net10.0\runtimes\maccatalyst-arm64\native\libe_sqlite3.dylib = src\Cli\bin\Debug\net10.0\runtimes\maccatalyst-arm64\native\libe_sqlite3.dylib
		src\Cli\bin\Debug\net10.0\runtimes\linux-x64\native\libe_sqlite3.so = src\Cli\bin\Debug\net10.0\runtimes\linux-x64\native\libe_sqlite3.so
		src\Cli\bin\Debug\net10.0\runtimes\linux-riscv64\native\libe_sqlite3.so = src\Cli\bin\Debug\net10.0\runtimes\linux-riscv64\native\libe_sqlite3.so
		src\Cli\bin\Debug\net10.0\runtimes\win-arm64\native\e_sqlite3.dll = src\Cli\bin\Debug\net10.0\runtimes\win-arm64\native\e_sqlite3.dll
		src\Cli\bin\Debug\net10.0\runtimes\linux-ppc64le\native\libe_sqlite3.so = src\Cli\bin\Debug\net10.0\runtimes\linux-ppc64le\native\libe_sqlite3.so
		src\Cli\bin\Debug\net10.0\runtimes\linux-armel\native\libe_sqlite3.so = src\Cli\bin\Debug\net10.0\runtimes\linux-armel\native\libe_sqlite3.so
		src\Cli\bin\Debug\net10.0\runtimes\linux-musl-arm\native\libe_sqlite3.so = src\Cli\bin\Debug\net10.0\runtimes\linux-musl-arm\native\libe_sqlite3.so
		src\Cli\bin\Debug\net10.0\runtimes\linux-s390x\native\libe_sqlite3.so = src\Cli\bin\Debug\net10.0\runtimes\linux-s390x\native\libe_sqlite3.so
		src\Cli\bin\Debug\net10.0\SQLitePCLRaw.batteries_v2.dll = src\Cli\bin\Debug\net10.0\SQLitePCLRaw.batteries_v2.dll
		src\Cli\bin\Debug\net10.0\SQLitePCLRaw.provider.e_sqlite3.dll = src\Cli\bin\Debug\net10.0\SQLitePCLRaw.provider.e_sqlite3.dll
		src\Cli\bin\Debug\net10.0\MediatR.Contracts.dll = src\Cli\bin\Debug\net10.0\MediatR.Contracts.dll
		src\Cli\bin\Debug\net10.0\appsettings.json = src\Cli\bin\Debug\net10.0\appsettings.json
		src\Cli\bin\Debug\net10.0\ru\Microsoft.CodeAnalysis.resources.dll = src\Cli\bin\Debug\net10.0\ru\Microsoft.CodeAnalysis.resources.dll
		src\Cli\bin\Debug\net10.0\ru\Microsoft.CodeAnalysis.CSharp.Workspaces.resources.dll = src\Cli\bin\Debug\net10.0\ru\Microsoft.CodeAnalysis.CSharp.Workspaces.resources.dll
		src\Cli\bin\Debug\net10.0\ru\Microsoft.CodeAnalysis.CSharp.resources.dll = src\Cli\bin\Debug\net10.0\ru\Microsoft.CodeAnalysis.CSharp.resources.dll
		src\Cli\bin\Debug\net10.0\ru\Microsoft.CodeAnalysis.Workspaces.resources.dll = src\Cli\bin\Debug\net10.0\ru\Microsoft.CodeAnalysis.Workspaces.resources.dll
		src\Cli\bin\Debug\net10.0\ru\Microsoft.CodeAnalysis.VisualBasic.Workspaces.resources.dll = src\Cli\bin\Debug\net10.0\ru\Microsoft.CodeAnalysis.VisualBasic.Workspaces.resources.dll
		src\Cli\bin\Debug\net10.0\ru\Microsoft.CodeAnalysis.VisualBasic.resources.dll = src\Cli\bin\Debug\net10.0\ru\Microsoft.CodeAnalysis.VisualBasic.resources.dll
		src\Cli\bin\Debug\net10.0\Microsoft.Extensions.DependencyInjection.dll = src\Cli\bin\Debug\net10.0\Microsoft.Extensions.DependencyInjection.dll
		src\Cli\bin\Debug\net10.0\Microsoft.EntityFrameworkCore.Relational.dll = src\Cli\bin\Debug\net10.0\Microsoft.EntityFrameworkCore.Relational.dll
		src\Cli\bin\Debug\net10.0\Microsoft.Extensions.Configuration.CommandLine.dll = src\Cli\bin\Debug\net10.0\Microsoft.Extensions.Configuration.CommandLine.dll
		src\Cli\bin\Debug\net10.0\Microsoft.Extensions.Configuration.EnvironmentVariables.dll = src\Cli\bin\Debug\net10.0\Microsoft.Extensions.Configuration.EnvironmentVariables.dll
		src\Cli\bin\Debug\net10.0\Humanizer.dll = src\Cli\bin\Debug\net10.0\Humanizer.dll
		src\Cli\bin\Debug\net10.0\Cli = src\Cli\bin\Debug\net10.0\Cli
		src\Cli\bin\Debug\net10.0\JetBrains.Annotations.dll = src\Cli\bin\Debug\net10.0\JetBrains.Annotations.dll
		src\Cli\bin\Debug\net10.0\Microsoft.Extensions.Configuration.Abstractions.dll = src\Cli\bin\Debug\net10.0\Microsoft.Extensions.Configuration.Abstractions.dll
		src\Cli\bin\Debug\net10.0\Microsoft.Extensions.Hosting.dll = src\Cli\bin\Debug\net10.0\Microsoft.Extensions.Hosting.dll
		src\Cli\bin\Debug\net10.0\Microsoft.Extensions.Options.dll = src\Cli\bin\Debug\net10.0\Microsoft.Extensions.Options.dll
		src\Cli\bin\Debug\net10.0\ja-JP\Terminal.Gui.resources.dll = src\Cli\bin\Debug\net10.0\ja-JP\Terminal.Gui.resources.dll
		src\Cli\bin\Debug\net10.0\Microsoft.Extensions.Configuration.Binder.dll = src\Cli\bin\Debug\net10.0\Microsoft.Extensions.Configuration.Binder.dll
		src\Cli\bin\Debug\net10.0\Domain.pdb = src\Cli\bin\Debug\net10.0\Domain.pdb
		src\Cli\bin\Debug\net10.0\Microsoft.CodeAnalysis.dll = src\Cli\bin\Debug\net10.0\Microsoft.CodeAnalysis.dll
		src\Cli\bin\Debug\net10.0\System.Composition.Convention.dll = src\Cli\bin\Debug\net10.0\System.Composition.Convention.dll
		src\Cli\bin\Debug\net10.0\System.Composition.Hosting.dll = src\Cli\bin\Debug\net10.0\System.Composition.Hosting.dll
		src\Cli\bin\Debug\net10.0\BuildHost-net472\zh-Hans\System.CommandLine.resources.dll = src\Cli\bin\Debug\net10.0\BuildHost-net472\zh-Hans\System.CommandLine.resources.dll
		src\Cli\bin\Debug\net10.0\BuildHost-net472\zh-Hant\System.CommandLine.resources.dll = src\Cli\bin\Debug\net10.0\BuildHost-net472\zh-Hant\System.CommandLine.resources.dll
		src\Cli\bin\Debug\net10.0\BuildHost-net472\pl\System.CommandLine.resources.dll = src\Cli\bin\Debug\net10.0\BuildHost-net472\pl\System.CommandLine.resources.dll
		src\Cli\bin\Debug\net10.0\BuildHost-net472\Microsoft.IO.Redist.dll = src\Cli\bin\Debug\net10.0\BuildHost-net472\Microsoft.IO.Redist.dll
		src\Cli\bin\Debug\net10.0\BuildHost-net472\Microsoft.Build.Locator.dll = src\Cli\bin\Debug\net10.0\BuildHost-net472\Microsoft.Build.Locator.dll
		src\Cli\bin\Debug\net10.0\BuildHost-net472\ja\System.CommandLine.resources.dll = src\Cli\bin\Debug\net10.0\BuildHost-net472\ja\System.CommandLine.resources.dll
		src\Cli\bin\Debug\net10.0\BuildHost-net472\it\System.CommandLine.resources.dll = src\Cli\bin\Debug\net10.0\BuildHost-net472\it\System.CommandLine.resources.dll
		src\Cli\bin\Debug\net10.0\BuildHost-net472\cs\System.CommandLine.resources.dll = src\Cli\bin\Debug\net10.0\BuildHost-net472\cs\System.CommandLine.resources.dll
		src\Cli\bin\Debug\net10.0\BuildHost-net472\ru\System.CommandLine.resources.dll = src\Cli\bin\Debug\net10.0\BuildHost-net472\ru\System.CommandLine.resources.dll
		src\Cli\bin\Debug\net10.0\BuildHost-net472\System.Threading.Tasks.Extensions.dll = src\Cli\bin\Debug\net10.0\BuildHost-net472\System.Threading.Tasks.Extensions.dll
		src\Cli\bin\Debug\net10.0\BuildHost-net472\Microsoft.CodeAnalysis.Workspaces.MSBuild.BuildHost.exe = src\Cli\bin\Debug\net10.0\BuildHost-net472\Microsoft.CodeAnalysis.Workspaces.MSBuild.BuildHost.exe
		src\Cli\bin\Debug\net10.0\BuildHost-net472\System.Buffers.dll = src\Cli\bin\Debug\net10.0\BuildHost-net472\System.Buffers.dll
		src\Cli\bin\Debug\net10.0\BuildHost-net472\System.CommandLine.dll = src\Cli\bin\Debug\net10.0\BuildHost-net472\System.CommandLine.dll
		src\Cli\bin\Debug\net10.0\BuildHost-net472\Newtonsoft.Json.dll = src\Cli\bin\Debug\net10.0\BuildHost-net472\Newtonsoft.Json.dll
		src\Cli\bin\Debug\net10.0\BuildHost-net472\System.Runtime.CompilerServices.Unsafe.dll = src\Cli\bin\Debug\net10.0\BuildHost-net472\System.Runtime.CompilerServices.Unsafe.dll
		src\Cli\bin\Debug\net10.0\BuildHost-net472\pt-BR\System.CommandLine.resources.dll = src\Cli\bin\Debug\net10.0\BuildHost-net472\pt-BR\System.CommandLine.resources.dll
		src\Cli\bin\Debug\net10.0\BuildHost-net472\de\System.CommandLine.resources.dll = src\Cli\bin\Debug\net10.0\BuildHost-net472\de\System.CommandLine.resources.dll
		src\Cli\bin\Debug\net10.0\BuildHost-net472\ko\System.CommandLine.resources.dll = src\Cli\bin\Debug\net10.0\BuildHost-net472\ko\System.CommandLine.resources.dll
		src\Cli\bin\Debug\net10.0\BuildHost-net472\fr\System.CommandLine.resources.dll = src\Cli\bin\Debug\net10.0\BuildHost-net472\fr\System.CommandLine.resources.dll
		src\Cli\bin\Debug\net10.0\BuildHost-net472\es\System.CommandLine.resources.dll = src\Cli\bin\Debug\net10.0\BuildHost-net472\es\System.CommandLine.resources.dll
		src\Cli\bin\Debug\net10.0\BuildHost-net472\System.Numerics.Vectors.dll = src\Cli\bin\Debug\net10.0\BuildHost-net472\System.Numerics.Vectors.dll
		src\Cli\bin\Debug\net10.0\BuildHost-net472\System.Collections.Immutable.dll = src\Cli\bin\Debug\net10.0\BuildHost-net472\System.Collections.Immutable.dll
		src\Cli\bin\Debug\net10.0\BuildHost-net472\Microsoft.CodeAnalysis.Workspaces.MSBuild.BuildHost.exe.config = src\Cli\bin\Debug\net10.0\BuildHost-net472\Microsoft.CodeAnalysis.Workspaces.MSBuild.BuildHost.exe.config
		src\Cli\bin\Debug\net10.0\BuildHost-net472\tr\System.CommandLine.resources.dll = src\Cli\bin\Debug\net10.0\BuildHost-net472\tr\System.CommandLine.resources.dll
		src\Cli\bin\Debug\net10.0\BuildHost-net472\System.Memory.dll = src\Cli\bin\Debug\net10.0\BuildHost-net472\System.Memory.dll
		src\Cli\bin\Debug\net10.0\Application.pdb = src\Cli\bin\Debug\net10.0\Application.pdb
		src\Cli\bin\Debug\net10.0\pt-PT\Terminal.Gui.resources.dll = src\Cli\bin\Debug\net10.0\pt-PT\Terminal.Gui.resources.dll
		src\Cli\bin\Debug\net10.0\Microsoft.CodeAnalysis.VisualBasic.dll = src\Cli\bin\Debug\net10.0\Microsoft.CodeAnalysis.VisualBasic.dll
		src\Cli\bin\Debug\net10.0\Microsoft.Extensions.Configuration.Json.dll = src\Cli\bin\Debug\net10.0\Microsoft.Extensions.Configuration.Json.dll
		src\Cli\bin\Debug\net10.0\Cli.dll = src\Cli\bin\Debug\net10.0\Cli.dll
		src\Cli\bin\Debug\net10.0\Microsoft.Extensions.FileProviders.Abstractions.dll = src\Cli\bin\Debug\net10.0\Microsoft.Extensions.FileProviders.Abstractions.dll
		src\Cli\bin\Debug\net10.0\pt-BR\Microsoft.CodeAnalysis.resources.dll = src\Cli\bin\Debug\net10.0\pt-BR\Microsoft.CodeAnalysis.resources.dll
		src\Cli\bin\Debug\net10.0\pt-BR\Microsoft.CodeAnalysis.CSharp.Workspaces.resources.dll = src\Cli\bin\Debug\net10.0\pt-BR\Microsoft.CodeAnalysis.CSharp.Workspaces.resources.dll
		src\Cli\bin\Debug\net10.0\pt-BR\Microsoft.CodeAnalysis.CSharp.resources.dll = src\Cli\bin\Debug\net10.0\pt-BR\Microsoft.CodeAnalysis.CSharp.resources.dll
		src\Cli\bin\Debug\net10.0\pt-BR\Microsoft.CodeAnalysis.Workspaces.resources.dll = src\Cli\bin\Debug\net10.0\pt-BR\Microsoft.CodeAnalysis.Workspaces.resources.dll
		src\Cli\bin\Debug\net10.0\pt-BR\Microsoft.CodeAnalysis.VisualBasic.Workspaces.resources.dll = src\Cli\bin\Debug\net10.0\pt-BR\Microsoft.CodeAnalysis.VisualBasic.Workspaces.resources.dll
		src\Cli\bin\Debug\net10.0\pt-BR\Microsoft.CodeAnalysis.VisualBasic.resources.dll = src\Cli\bin\Debug\net10.0\pt-BR\Microsoft.CodeAnalysis.VisualBasic.resources.dll
		src\Cli\bin\Debug\net10.0\TestableIO.System.IO.Abstractions.Wrappers.dll = src\Cli\bin\Debug\net10.0\TestableIO.System.IO.Abstractions.Wrappers.dll
		src\Cli\bin\Debug\net10.0\BuildHost-netcore\zh-Hans\System.CommandLine.resources.dll = src\Cli\bin\Debug\net10.0\BuildHost-netcore\zh-Hans\System.CommandLine.resources.dll
		src\Cli\bin\Debug\net10.0\BuildHost-netcore\Microsoft.CodeAnalysis.Workspaces.MSBuild.BuildHost.dll = src\Cli\bin\Debug\net10.0\BuildHost-netcore\Microsoft.CodeAnalysis.Workspaces.MSBuild.BuildHost.dll
		src\Cli\bin\Debug\net10.0\BuildHost-netcore\zh-Hant\System.CommandLine.resources.dll = src\Cli\bin\Debug\net10.0\BuildHost-netcore\zh-Hant\System.CommandLine.resources.dll
		src\Cli\bin\Debug\net10.0\BuildHost-netcore\pl\System.CommandLine.resources.dll = src\Cli\bin\Debug\net10.0\BuildHost-netcore\pl\System.CommandLine.resources.dll
		src\Cli\bin\Debug\net10.0\BuildHost-netcore\Microsoft.CodeAnalysis.Workspaces.MSBuild.BuildHost.deps.json = src\Cli\bin\Debug\net10.0\BuildHost-netcore\Microsoft.CodeAnalysis.Workspaces.MSBuild.BuildHost.deps.json
		src\Cli\bin\Debug\net10.0\BuildHost-netcore\Microsoft.CodeAnalysis.Workspaces.MSBuild.BuildHost.dll.config = src\Cli\bin\Debug\net10.0\BuildHost-netcore\Microsoft.CodeAnalysis.Workspaces.MSBuild.BuildHost.dll.config
		src\Cli\bin\Debug\net10.0\BuildHost-netcore\Microsoft.Build.Locator.dll = src\Cli\bin\Debug\net10.0\BuildHost-netcore\Microsoft.Build.Locator.dll
		src\Cli\bin\Debug\net10.0\BuildHost-netcore\ja\System.CommandLine.resources.dll = src\Cli\bin\Debug\net10.0\BuildHost-netcore\ja\System.CommandLine.resources.dll
		src\Cli\bin\Debug\net10.0\BuildHost-netcore\it\System.CommandLine.resources.dll = src\Cli\bin\Debug\net10.0\BuildHost-netcore\it\System.CommandLine.resources.dll
		src\Cli\bin\Debug\net10.0\BuildHost-netcore\cs\System.CommandLine.resources.dll = src\Cli\bin\Debug\net10.0\BuildHost-netcore\cs\System.CommandLine.resources.dll
		src\Cli\bin\Debug\net10.0\BuildHost-netcore\ru\System.CommandLine.resources.dll = src\Cli\bin\Debug\net10.0\BuildHost-netcore\ru\System.CommandLine.resources.dll
		src\Cli\bin\Debug\net10.0\BuildHost-netcore\System.CommandLine.dll = src\Cli\bin\Debug\net10.0\BuildHost-netcore\System.CommandLine.dll
		src\Cli\bin\Debug\net10.0\BuildHost-netcore\Newtonsoft.Json.dll = src\Cli\bin\Debug\net10.0\BuildHost-netcore\Newtonsoft.Json.dll
		src\Cli\bin\Debug\net10.0\BuildHost-netcore\pt-BR\System.CommandLine.resources.dll = src\Cli\bin\Debug\net10.0\BuildHost-netcore\pt-BR\System.CommandLine.resources.dll
		src\Cli\bin\Debug\net10.0\BuildHost-netcore\de\System.CommandLine.resources.dll = src\Cli\bin\Debug\net10.0\BuildHost-netcore\de\System.CommandLine.resources.dll
		src\Cli\bin\Debug\net10.0\BuildHost-netcore\ko\System.CommandLine.resources.dll = src\Cli\bin\Debug\net10.0\BuildHost-netcore\ko\System.CommandLine.resources.dll
		src\Cli\bin\Debug\net10.0\BuildHost-netcore\fr\System.CommandLine.resources.dll = src\Cli\bin\Debug\net10.0\BuildHost-netcore\fr\System.CommandLine.resources.dll
		src\Cli\bin\Debug\net10.0\BuildHost-netcore\es\System.CommandLine.resources.dll = src\Cli\bin\Debug\net10.0\BuildHost-netcore\es\System.CommandLine.resources.dll
		src\Cli\bin\Debug\net10.0\BuildHost-netcore\System.Collections.Immutable.dll = src\Cli\bin\Debug\net10.0\BuildHost-netcore\System.Collections.Immutable.dll
		src\Cli\bin\Debug\net10.0\BuildHost-netcore\Microsoft.CodeAnalysis.Workspaces.MSBuild.BuildHost.runtimeconfig.json = src\Cli\bin\Debug\net10.0\BuildHost-netcore\Microsoft.CodeAnalysis.Workspaces.MSBuild.BuildHost.runtimeconfig.json
		src\Cli\bin\Debug\net10.0\BuildHost-netcore\tr\System.CommandLine.resources.dll = src\Cli\bin\Debug\net10.0\BuildHost-netcore\tr\System.CommandLine.resources.dll
		src\Cli\bin\Debug\net10.0\Cli.runtimeconfig.json = src\Cli\bin\Debug\net10.0\Cli.runtimeconfig.json
		src\Cli\bin\Debug\net10.0\Microsoft.Extensions.Caching.Memory.dll = src\Cli\bin\Debug\net10.0\Microsoft.Extensions.Caching.Memory.dll
		src\Cli\bin\Debug\net10.0\de\Microsoft.CodeAnalysis.resources.dll = src\Cli\bin\Debug\net10.0\de\Microsoft.CodeAnalysis.resources.dll
		src\Cli\bin\Debug\net10.0\de\Microsoft.CodeAnalysis.CSharp.Workspaces.resources.dll = src\Cli\bin\Debug\net10.0\de\Microsoft.CodeAnalysis.CSharp.Workspaces.resources.dll
		src\Cli\bin\Debug\net10.0\de\Microsoft.CodeAnalysis.CSharp.resources.dll = src\Cli\bin\Debug\net10.0\de\Microsoft.CodeAnalysis.CSharp.resources.dll
		src\Cli\bin\Debug\net10.0\de\Microsoft.CodeAnalysis.Workspaces.resources.dll = src\Cli\bin\Debug\net10.0\de\Microsoft.CodeAnalysis.Workspaces.resources.dll
		src\Cli\bin\Debug\net10.0\de\Microsoft.CodeAnalysis.VisualBasic.Workspaces.resources.dll = src\Cli\bin\Debug\net10.0\de\Microsoft.CodeAnalysis.VisualBasic.Workspaces.resources.dll
		src\Cli\bin\Debug\net10.0\de\Microsoft.CodeAnalysis.VisualBasic.resources.dll = src\Cli\bin\Debug\net10.0\de\Microsoft.CodeAnalysis.VisualBasic.resources.dll
		src\Cli\bin\Debug\net10.0\Microsoft.Extensions.Logging.Console.dll = src\Cli\bin\Debug\net10.0\Microsoft.Extensions.Logging.Console.dll
		src\Cli\bin\Debug\net10.0\FluentValidation.DependencyInjectionExtensions.dll = src\Cli\bin\Debug\net10.0\FluentValidation.DependencyInjectionExtensions.dll
		src\Cli\bin\Debug\net10.0\ko\Microsoft.CodeAnalysis.resources.dll = src\Cli\bin\Debug\net10.0\ko\Microsoft.CodeAnalysis.resources.dll
		src\Cli\bin\Debug\net10.0\ko\Microsoft.CodeAnalysis.CSharp.Workspaces.resources.dll = src\Cli\bin\Debug\net10.0\ko\Microsoft.CodeAnalysis.CSharp.Workspaces.resources.dll
		src\Cli\bin\Debug\net10.0\ko\Microsoft.CodeAnalysis.CSharp.resources.dll = src\Cli\bin\Debug\net10.0\ko\Microsoft.CodeAnalysis.CSharp.resources.dll
		src\Cli\bin\Debug\net10.0\ko\Microsoft.CodeAnalysis.Workspaces.resources.dll = src\Cli\bin\Debug\net10.0\ko\Microsoft.CodeAnalysis.Workspaces.resources.dll
		src\Cli\bin\Debug\net10.0\ko\Microsoft.CodeAnalysis.VisualBasic.Workspaces.resources.dll = src\Cli\bin\Debug\net10.0\ko\Microsoft.CodeAnalysis.VisualBasic.Workspaces.resources.dll
		src\Cli\bin\Debug\net10.0\ko\Microsoft.CodeAnalysis.VisualBasic.resources.dll = src\Cli\bin\Debug\net10.0\ko\Microsoft.CodeAnalysis.VisualBasic.resources.dll
		src\Cli\bin\Debug\net10.0\Domain.dll = src\Cli\bin\Debug\net10.0\Domain.dll
		src\Cli\bin\Debug\net10.0\SQLitePCLRaw.core.dll = src\Cli\bin\Debug\net10.0\SQLitePCLRaw.core.dll
		src\Cli\bin\Debug\net10.0\System.IO.Abstractions.dll = src\Cli\bin\Debug\net10.0\System.IO.Abstractions.dll
		src\Cli\bin\Debug\net10.0\fr\Microsoft.CodeAnalysis.resources.dll = src\Cli\bin\Debug\net10.0\fr\Microsoft.CodeAnalysis.resources.dll
		src\Cli\bin\Debug\net10.0\fr\Microsoft.CodeAnalysis.CSharp.Workspaces.resources.dll = src\Cli\bin\Debug\net10.0\fr\Microsoft.CodeAnalysis.CSharp.Workspaces.resources.dll
		src\Cli\bin\Debug\net10.0\fr\Microsoft.CodeAnalysis.CSharp.resources.dll = src\Cli\bin\Debug\net10.0\fr\Microsoft.CodeAnalysis.CSharp.resources.dll
		src\Cli\bin\Debug\net10.0\fr\Microsoft.CodeAnalysis.Workspaces.resources.dll = src\Cli\bin\Debug\net10.0\fr\Microsoft.CodeAnalysis.Workspaces.resources.dll
		src\Cli\bin\Debug\net10.0\fr\Microsoft.CodeAnalysis.VisualBasic.Workspaces.resources.dll = src\Cli\bin\Debug\net10.0\fr\Microsoft.CodeAnalysis.VisualBasic.Workspaces.resources.dll
		src\Cli\bin\Debug\net10.0\fr\Microsoft.CodeAnalysis.VisualBasic.resources.dll = src\Cli\bin\Debug\net10.0\fr\Microsoft.CodeAnalysis.VisualBasic.resources.dll
		src\Cli\bin\Debug\net10.0\appsettings.Development.json = src\Cli\bin\Debug\net10.0\appsettings.Development.json
		src\Cli\bin\Debug\net10.0\es\Microsoft.CodeAnalysis.resources.dll = src\Cli\bin\Debug\net10.0\es\Microsoft.CodeAnalysis.resources.dll
		src\Cli\bin\Debug\net10.0\es\Microsoft.CodeAnalysis.CSharp.Workspaces.resources.dll = src\Cli\bin\Debug\net10.0\es\Microsoft.CodeAnalysis.CSharp.Workspaces.resources.dll
		src\Cli\bin\Debug\net10.0\es\Microsoft.CodeAnalysis.CSharp.resources.dll = src\Cli\bin\Debug\net10.0\es\Microsoft.CodeAnalysis.CSharp.resources.dll
		src\Cli\bin\Debug\net10.0\es\Microsoft.CodeAnalysis.Workspaces.resources.dll = src\Cli\bin\Debug\net10.0\es\Microsoft.CodeAnalysis.Workspaces.resources.dll
		src\Cli\bin\Debug\net10.0\es\Microsoft.CodeAnalysis.VisualBasic.Workspaces.resources.dll = src\Cli\bin\Debug\net10.0\es\Microsoft.CodeAnalysis.VisualBasic.Workspaces.resources.dll
		src\Cli\bin\Debug\net10.0\es\Microsoft.CodeAnalysis.VisualBasic.resources.dll = src\Cli\bin\Debug\net10.0\es\Microsoft.CodeAnalysis.VisualBasic.resources.dll
		src\Cli\bin\Debug\net10.0\Microsoft.Extensions.DependencyInjection.Abstractions.dll = src\Cli\bin\Debug\net10.0\Microsoft.Extensions.DependencyInjection.Abstractions.dll
		src\Cli\bin\Debug\net10.0\Application.dll = src\Cli\bin\Debug\net10.0\Application.dll
		src\Cli\bin\Debug\net10.0\Microsoft.Extensions.FileProviders.Physical.dll = src\Cli\bin\Debug\net10.0\Microsoft.Extensions.FileProviders.Physical.dll
		src\Cli\bin\Debug\net10.0\System.Composition.TypedParts.dll = src\Cli\bin\Debug\net10.0\System.Composition.TypedParts.dll
		src\Cli\bin\Debug\net10.0\System.Composition.AttributedModel.dll = src\Cli\bin\Debug\net10.0\System.Composition.AttributedModel.dll
		src\Cli\bin\Debug\net10.0\Microsoft.Extensions.Diagnostics.dll = src\Cli\bin\Debug\net10.0\Microsoft.Extensions.Diagnostics.dll
		src\Cli\bin\Debug\net10.0\System.Diagnostics.EventLog.dll = src\Cli\bin\Debug\net10.0\System.Diagnostics.EventLog.dll
		src\Cli\bin\Debug\net10.0\Microsoft.Extensions.Diagnostics.Abstractions.dll = src\Cli\bin\Debug\net10.0\Microsoft.Extensions.Diagnostics.Abstractions.dll
		src\Cli\bin\Debug\net10.0\Microsoft.Extensions.Logging.Debug.dll = src\Cli\bin\Debug\net10.0\Microsoft.Extensions.Logging.Debug.dll
		src\Cli\bin\Debug\net10.0\Microsoft.CodeAnalysis.Workspaces.dll = src\Cli\bin\Debug\net10.0\Microsoft.CodeAnalysis.Workspaces.dll
		src\Cli\bin\Debug\net10.0\Microsoft.Data.Sqlite.dll = src\Cli\bin\Debug\net10.0\Microsoft.Data.Sqlite.dll
		src\Cli\bin\Debug\net10.0\FluentValidation.dll = src\Cli\bin\Debug\net10.0\FluentValidation.dll
		src\Cli\bin\Debug\net10.0\Wcwidth.dll = src\Cli\bin\Debug\net10.0\Wcwidth.dll
		src\Cli\bin\Debug\net10.0\tr\Microsoft.CodeAnalysis.resources.dll = src\Cli\bin\Debug\net10.0\tr\Microsoft.CodeAnalysis.resources.dll
		src\Cli\bin\Debug\net10.0\tr\Microsoft.CodeAnalysis.CSharp.Workspaces.resources.dll = src\Cli\bin\Debug\net10.0\tr\Microsoft.CodeAnalysis.CSharp.Workspaces.resources.dll
		src\Cli\bin\Debug\net10.0\tr\Microsoft.CodeAnalysis.CSharp.resources.dll = src\Cli\bin\Debug\net10.0\tr\Microsoft.CodeAnalysis.CSharp.resources.dll
		src\Cli\bin\Debug\net10.0\tr\Microsoft.CodeAnalysis.Workspaces.resources.dll = src\Cli\bin\Debug\net10.0\tr\Microsoft.CodeAnalysis.Workspaces.resources.dll
		src\Cli\bin\Debug\net10.0\tr\Microsoft.CodeAnalysis.VisualBasic.Workspaces.resources.dll = src\Cli\bin\Debug\net10.0\tr\Microsoft.CodeAnalysis.VisualBasic.Workspaces.resources.dll
		src\Cli\bin\Debug\net10.0\tr\Microsoft.CodeAnalysis.VisualBasic.resources.dll = src\Cli\bin\Debug\net10.0\tr\Microsoft.CodeAnalysis.VisualBasic.resources.dll
		src\Cli\bin\Debug\net10.0\Microsoft.CodeAnalysis.VisualBasic.Workspaces.dll = src\Cli\bin\Debug\net10.0\Microsoft.CodeAnalysis.VisualBasic.Workspaces.dll
		src\Cli\bin\Debug\net10.0\Cli.pdb = src\Cli\bin\Debug\net10.0\Cli.pdb
		src\Cli\bin\Debug\net10.0\Microsoft.Bcl.AsyncInterfaces.dll = src\Cli\bin\Debug\net10.0\Microsoft.Bcl.AsyncInterfaces.dll
		src\Cli\appsettings.json = src\Cli\appsettings.json
		src\Cli\Screens\QualifyingPerformanceAnalysisPrompt.cs = src\Cli\Screens\QualifyingPerformanceAnalysisPrompt.cs
		src\Cli\Screens\DatabaseSetupPrompt.cs = src\Cli\Screens\DatabaseSetupPrompt.cs
		src\Cli\Screens\QualifyingResultsPrompt.cs = src\Cli\Screens\QualifyingResultsPrompt.cs
		src\Cli\Screens\DriverSelectionPrompt.cs = src\Cli\Screens\DriverSelectionPrompt.cs
		src\Cli\Components\ChoiceDialog.cs = src\Cli\Components\ChoiceDialog.cs
		src\Cli\Components\RichTextLine.cs = src\Cli\Components\RichTextLine.cs
		src\Cli\Theming\MiniSectorPalette.cs = src\Cli\Theming\MiniSectorPalette.cs
		src\Cli\Theming\ButtonTheme.cs = src\Cli\Theming\ButtonTheme.cs
		src\Cli\Properties\launchSettings.json = src\Cli\Properties\launchSettings.json
		src\Cli\appsettings.Development.json = src\Cli\appsettings.Development.json
		src\Cli\TerminalSession.cs = src\Cli\TerminalSession.cs
		src\Cli\Program.cs = src\Cli\Program.cs
		src\Application\Application.csproj = src\Application\Application.csproj
		src\Application\obj\Application.csproj.nuget.dgspec.json = src\Application\obj\Application.csproj.nuget.dgspec.json
		src\Application\obj\Application.csproj.nuget.g.targets = src\Application\obj\Application.csproj.nuget.g.targets
		src\Application\obj\Application.csproj.nuget.g.props = src\Application\obj\Application.csproj.nuget.g.props
		src\Application\obj\project.nuget.cache = src\Application\obj\project.nuget.cache
		src\Application\obj\rider.project.model.nuget.info = src\Application\obj\rider.project.model.nuget.info
		src\Application\obj\project.assets.json = src\Application\obj\project.assets.json
		src\Application\obj\Debug\net10.0\Application.GlobalUsings.g.cs = src\Application\obj\Debug\net10.0\Application.GlobalUsings.g.cs
		src\Application\obj\Debug\net10.0\ref\Application.dll = src\Application\obj\Debug\net10.0\ref\Application.dll
		src\Application\obj\Debug\net10.0\Application.csproj.FileListAbsolute.txt = src\Application\obj\Debug\net10.0\Application.csproj.FileListAbsolute.txt
		src\Application\obj\Debug\net10.0\Application.csproj.CoreCompileInputs.cache = src\Application\obj\Debug\net10.0\Application.csproj.CoreCompileInputs.cache
		src\Application\obj\Debug\net10.0\Application.AssemblyInfoInputs.cache = src\Application\obj\Debug\net10.0\Application.AssemblyInfoInputs.cache
		src\Application\obj\Debug\net10.0\refint\Application.dll = src\Application\obj\Debug\net10.0\refint\Application.dll
		src\Application\obj\Debug\net10.0\.NETCoreApp,Version = src\Application\obj\Debug\net10.0\.NETCoreApp,Version
		src\Application\obj\Debug\net10.0\Application.pdb = src\Application\obj\Debug\net10.0\Application.pdb
		src\Application\obj\Debug\net10.0\Applicat.44B5EDA2.Up2Date = src\Application\obj\Debug\net10.0\Applicat.44B5EDA2.Up2Date
		src\Application\obj\Debug\net10.0\Application.dll = src\Application\obj\Debug\net10.0\Application.dll
		src\Application\obj\Debug\net10.0\Application.csproj.AssemblyReference.cache = src\Application\obj\Debug\net10.0\Application.csproj.AssemblyReference.cache
		src\Application\obj\Debug\net10.0\Application.AssemblyInfo.cs = src\Application\obj\Debug\net10.0\Application.AssemblyInfo.cs
		src\Application\obj\Debug\net10.0\Application.assets.cache = src\Application\obj\Debug\net10.0\Application.assets.cache
		src\Application\obj\Debug\net10.0\Application.sourcelink.json = src\Application\obj\Debug\net10.0\Application.sourcelink.json
		src\Application\obj\Debug\net10.0\Application.GeneratedMSBuildEditorConfig.editorconfig = src\Application\obj\Debug\net10.0\Application.GeneratedMSBuildEditorConfig.editorconfig
		src\Application\Drivers\Queries\GetDriversByTeam\GetDriversByTeamQuery.cs = src\Application\Drivers\Queries\GetDriversByTeam\GetDriversByTeamQuery.cs
		src\Application\Laps\ValidLapSpecification.cs = src\Application\Laps\ValidLapSpecification.cs
		src\Application\Laps\Queries\GetBestLap\GetBestLapQuery.cs = src\Application\Laps\Queries\GetBestLap\GetBestLapQuery.cs
		src\Application\Laps\Queries\GetQualifyingPerformanceAnalysis\GetQualifyingPerformanceAnalysisQuery.cs = src\Application\Laps\Queries\GetQualifyingPerformanceAnalysis\GetQualifyingPerformanceAnalysisQuery.cs
		src\Application\Laps\Queries\GetQualifyingClassification\GetQualifyingClassificationQuery.cs = src\Application\Laps\Queries\GetQualifyingClassification\GetQualifyingClassificationQuery.cs
		src\Application\Laps\Commands\CreateLap\CreateLapCommand.cs = src\Application\Laps\Commands\CreateLap\CreateLapCommand.cs
		src\Application\bin\Debug\net10.0\Domain.pdb = src\Application\bin\Debug\net10.0\Domain.pdb
		src\Application\bin\Debug\net10.0\Application.pdb = src\Application\bin\Debug\net10.0\Application.pdb
		src\Application\bin\Debug\net10.0\Application.deps.json = src\Application\bin\Debug\net10.0\Application.deps.json
		src\Application\bin\Debug\net10.0\Domain.dll = src\Application\bin\Debug\net10.0\Domain.dll
		src\Application\bin\Debug\net10.0\Application.dll = src\Application\bin\Debug\net10.0\Application.dll
		src\Application\DependencyInjection.cs = src\Application\DependencyInjection.cs
		src\Application\Common\Behaviours\ValidationBehaviour.cs = src\Application\Common\Behaviours\ValidationBehaviour.cs
		src\Application\Common\Behaviours\UnhandledExceptionBehaviour.cs = src\Application\Common\Behaviours\UnhandledExceptionBehaviour.cs
		src\Application\Common\Behaviours\LoggingBehaviour.cs = src\Application\Common\Behaviours\LoggingBehaviour.cs
		src\Application\Common\Exceptions\ValidationException.cs = src\Application\Common\Exceptions\ValidationException.cs
		src\Application\Common\Interfaces\IApplicationDbContext.cs = src\Application\Common\Interfaces\IApplicationDbContext.cs
		src\Infrastructure\obj\Infrastructure.csproj.nuget.g.targets = src\Infrastructure\obj\Infrastructure.csproj.nuget.g.targets
		src\Infrastructure\obj\project.nuget.cache = src\Infrastructure\obj\project.nuget.cache
		src\Infrastructure\obj\Infrastructure.csproj.nuget.dgspec.json = src\Infrastructure\obj\Infrastructure.csproj.nuget.dgspec.json
		src\Infrastructure\obj\rider.project.model.nuget.info = src\Infrastructure\obj\rider.project.model.nuget.info
		src\Infrastructure\obj\project.assets.json = src\Infrastructure\obj\project.assets.json
		src\Infrastructure\obj\Infrastructure.csproj.nuget.g.props = src\Infrastructure\obj\Infrastructure.csproj.nuget.g.props
		src\Infrastructure\obj\Debug\net10.0\Infrastructure.dll = src\Infrastructure\obj\Debug\net10.0\Infrastructure.dll
		src\Infrastructure\obj\Debug\net10.0\ref\Infrastructure.dll = src\Infrastructure\obj\Debug\net10.0\ref\Infrastructure.dll
		src\Infrastructure\obj\Debug\net10.0\Infrastructure.csproj.AssemblyReference.cache = src\Infrastructure\obj\Debug\net10.0\Infrastructure.csproj.AssemblyReference.cache
		src\Infrastructure\obj\Debug\net10.0\Infrastr.15EFFBFE.Up2Date = src\Infrastructure\obj\Debug\net10.0\Infrastr.15EFFBFE.Up2Date
		src\Infrastructure\obj\Debug\net10.0\refint\Infrastructure.dll = src\Infrastructure\obj\Debug\net10.0\refint\Infrastructure.dll
		src\Infrastructure\obj\Debug\net10.0\Infrastructure.GeneratedMSBuildEditorConfig.editorconfig = src\Infrastructure\obj\Debug\net10.0\Infrastructure.GeneratedMSBuildEditorConfig.editorconfig
		src\Infrastructure\obj\Debug\net10.0\Infrastructure.pdb = src\Infrastructure\obj\Debug\net10.0\Infrastructure.pdb
		src\Infrastructure\obj\Debug\net10.0\Infrastructure.assets.cache = src\Infrastructure\obj\Debug\net10.0\Infrastructure.assets.cache
		src\Infrastructure\obj\Debug\net10.0\Infrastructure.genruntimeconfig.cache = src\Infrastructure\obj\Debug\net10.0\Infrastructure.genruntimeconfig.cache
		src\Infrastructure\obj\Debug\net10.0\.NETCoreApp,Version = src\Infrastructure\obj\Debug\net10.0\.NETCoreApp,Version
		src\Infrastructure\obj\Debug\net10.0\Infrastructure.GlobalUsings.g.cs = src\Infrastructure\obj\Debug\net10.0\Infrastructure.GlobalUsings.g.cs
		src\Infrastructure\obj\Debug\net10.0\Infrastructure.csproj.FileListAbsolute.txt = src\Infrastructure\obj\Debug\net10.0\Infrastructure.csproj.FileListAbsolute.txt
		src\Infrastructure\obj\Debug\net10.0\Infrastructure.sourcelink.json = src\Infrastructure\obj\Debug\net10.0\Infrastructure.sourcelink.json
		src\Infrastructure\obj\Debug\net10.0\Infrastructure.csproj.CoreCompileInputs.cache = src\Infrastructure\obj\Debug\net10.0\Infrastructure.csproj.CoreCompileInputs.cache
		src\Infrastructure\obj\Debug\net10.0\Infrastructure.AssemblyInfo.cs = src\Infrastructure\obj\Debug\net10.0\Infrastructure.AssemblyInfo.cs
		src\Infrastructure\obj\Debug\net10.0\Infrastructure.AssemblyInfoInputs.cache = src\Infrastructure\obj\Debug\net10.0\Infrastructure.AssemblyInfoInputs.cache
		src\Infrastructure\Infrastructure.csproj = src\Infrastructure\Infrastructure.csproj
		src\Infrastructure\bin\Debug\net10.0\Infrastructure.dll = src\Infrastructure\bin\Debug\net10.0\Infrastructure.dll
		src\Infrastructure\bin\Debug\net10.0\Infrastructure.pdb = src\Infrastructure\bin\Debug\net10.0\Infrastructure.pdb
		src\Infrastructure\bin\Debug\net10.0\Domain.pdb = src\Infrastructure\bin\Debug\net10.0\Domain.pdb
		src\Infrastructure\bin\Debug\net10.0\BuildHost-net472\zh-Hans\System.CommandLine.resources.dll = src\Infrastructure\bin\Debug\net10.0\BuildHost-net472\zh-Hans\System.CommandLine.resources.dll
		src\Infrastructure\bin\Debug\net10.0\BuildHost-net472\zh-Hant\System.CommandLine.resources.dll = src\Infrastructure\bin\Debug\net10.0\BuildHost-net472\zh-Hant\System.CommandLine.resources.dll
		src\Infrastructure\bin\Debug\net10.0\BuildHost-net472\pl\System.CommandLine.resources.dll = src\Infrastructure\bin\Debug\net10.0\BuildHost-net472\pl\System.CommandLine.resources.dll
		src\Infrastructure\bin\Debug\net10.0\BuildHost-net472\Microsoft.IO.Redist.dll = src\Infrastructure\bin\Debug\net10.0\BuildHost-net472\Microsoft.IO.Redist.dll
		src\Infrastructure\bin\Debug\net10.0\BuildHost-net472\Microsoft.Build.Locator.dll = src\Infrastructure\bin\Debug\net10.0\BuildHost-net472\Microsoft.Build.Locator.dll
		src\Infrastructure\bin\Debug\net10.0\BuildHost-net472\ja\System.CommandLine.resources.dll = src\Infrastructure\bin\Debug\net10.0\BuildHost-net472\ja\System.CommandLine.resources.dll
		src\Infrastructure\bin\Debug\net10.0\BuildHost-net472\it\System.CommandLine.resources.dll = src\Infrastructure\bin\Debug\net10.0\BuildHost-net472\it\System.CommandLine.resources.dll
		src\Infrastructure\bin\Debug\net10.0\BuildHost-net472\cs\System.CommandLine.resources.dll = src\Infrastructure\bin\Debug\net10.0\BuildHost-net472\cs\System.CommandLine.resources.dll
		src\Infrastructure\bin\Debug\net10.0\BuildHost-net472\ru\System.CommandLine.resources.dll = src\Infrastructure\bin\Debug\net10.0\BuildHost-net472\ru\System.CommandLine.resources.dll
		src\Infrastructure\bin\Debug\net10.0\BuildHost-net472\System.Threading.Tasks.Extensions.dll = src\Infrastructure\bin\Debug\net10.0\BuildHost-net472\System.Threading.Tasks.Extensions.dll
		src\Infrastructure\bin\Debug\net10.0\BuildHost-net472\Microsoft.CodeAnalysis.Workspaces.MSBuild.BuildHost.exe = src\Infrastructure\bin\Debug\net10.0\BuildHost-net472\Microsoft.CodeAnalysis.Workspaces.MSBuild.BuildHost.exe
		src\Infrastructure\bin\Debug\net10.0\BuildHost-net472\System.Buffers.dll = src\Infrastructure\bin\Debug\net10.0\BuildHost-net472\System.Buffers.dll
		src\Infrastructure\bin\Debug\net10.0\BuildHost-net472\System.CommandLine.dll = src\Infrastructure\bin\Debug\net10.0\BuildHost-net472\System.CommandLine.dll
		src\Infrastructure\bin\Debug\net10.0\BuildHost-net472\Newtonsoft.Json.dll = src\Infrastructure\bin\Debug\net10.0\BuildHost-net472\Newtonsoft.Json.dll
		src\Infrastructure\bin\Debug\net10.0\BuildHost-net472\System.Runtime.CompilerServices.Unsafe.dll = src\Infrastructure\bin\Debug\net10.0\BuildHost-net472\System.Runtime.CompilerServices.Unsafe.dll
		src\Infrastructure\bin\Debug\net10.0\BuildHost-net472\pt-BR\System.CommandLine.resources.dll = src\Infrastructure\bin\Debug\net10.0\BuildHost-net472\pt-BR\System.CommandLine.resources.dll
		src\Infrastructure\bin\Debug\net10.0\BuildHost-net472\de\System.CommandLine.resources.dll = src\Infrastructure\bin\Debug\net10.0\BuildHost-net472\de\System.CommandLine.resources.dll
		src\Infrastructure\bin\Debug\net10.0\BuildHost-net472\ko\System.CommandLine.resources.dll = src\Infrastructure\bin\Debug\net10.0\BuildHost-net472\ko\System.CommandLine.resources.dll
		src\Infrastructure\bin\Debug\net10.0\BuildHost-net472\fr\System.CommandLine.resources.dll = src\Infrastructure\bin\Debug\net10.0\BuildHost-net472\fr\System.CommandLine.resources.dll
		src\Infrastructure\bin\Debug\net10.0\BuildHost-net472\es\System.CommandLine.resources.dll = src\Infrastructure\bin\Debug\net10.0\BuildHost-net472\es\System.CommandLine.resources.dll
		src\Infrastructure\bin\Debug\net10.0\BuildHost-net472\System.Numerics.Vectors.dll = src\Infrastructure\bin\Debug\net10.0\BuildHost-net472\System.Numerics.Vectors.dll
		src\Infrastructure\bin\Debug\net10.0\BuildHost-net472\System.Collections.Immutable.dll = src\Infrastructure\bin\Debug\net10.0\BuildHost-net472\System.Collections.Immutable.dll
		src\Infrastructure\bin\Debug\net10.0\BuildHost-net472\Microsoft.CodeAnalysis.Workspaces.MSBuild.BuildHost.exe.config = src\Infrastructure\bin\Debug\net10.0\BuildHost-net472\Microsoft.CodeAnalysis.Workspaces.MSBuild.BuildHost.exe.config
		src\Infrastructure\bin\Debug\net10.0\BuildHost-net472\tr\System.CommandLine.resources.dll = src\Infrastructure\bin\Debug\net10.0\BuildHost-net472\tr\System.CommandLine.resources.dll
		src\Infrastructure\bin\Debug\net10.0\BuildHost-net472\System.Memory.dll = src\Infrastructure\bin\Debug\net10.0\BuildHost-net472\System.Memory.dll
		src\Infrastructure\bin\Debug\net10.0\Application.pdb = src\Infrastructure\bin\Debug\net10.0\Application.pdb
		src\Infrastructure\bin\Debug\net10.0\BuildHost-netcore\zh-Hans\System.CommandLine.resources.dll = src\Infrastructure\bin\Debug\net10.0\BuildHost-netcore\zh-Hans\System.CommandLine.resources.dll
		src\Infrastructure\bin\Debug\net10.0\BuildHost-netcore\Microsoft.CodeAnalysis.Workspaces.MSBuild.BuildHost.dll = src\Infrastructure\bin\Debug\net10.0\BuildHost-netcore\Microsoft.CodeAnalysis.Workspaces.MSBuild.BuildHost.dll
		src\Infrastructure\bin\Debug\net10.0\BuildHost-netcore\zh-Hant\System.CommandLine.resources.dll = src\Infrastructure\bin\Debug\net10.0\BuildHost-netcore\zh-Hant\System.CommandLine.resources.dll
		src\Infrastructure\bin\Debug\net10.0\BuildHost-netcore\pl\System.CommandLine.resources.dll = src\Infrastructure\bin\Debug\net10.0\BuildHost-netcore\pl\System.CommandLine.resources.dll
		src\Infrastructure\bin\Debug\net10.0\BuildHost-netcore\Microsoft.CodeAnalysis.Workspaces.MSBuild.BuildHost.deps.json = src\Infrastructure\bin\Debug\net10.0\BuildHost-netcore\Microsoft.CodeAnalysis.Workspaces.MSBuild.BuildHost.deps.json
		src\Infrastructure\bin\Debug\net10.0\BuildHost-netcore\Microsoft.CodeAnalysis.Workspaces.MSBuild.BuildHost.dll.config = src\Infrastructure\bin\Debug\net10.0\BuildHost-netcore\Microsoft.CodeAnalysis.Workspaces.MSBuild.BuildHost.dll.config
		src\Infrastructure\bin\Debug\net10.0\BuildHost-netcore\Microsoft.Build.Locator.dll = src\Infrastructure\bin\Debug\net10.0\BuildHost-netcore\Microsoft.Build.Locator.dll
		src\Infrastructure\bin\Debug\net10.0\BuildHost-netcore\ja\System.CommandLine.resources.dll = src\Infrastructure\bin\Debug\net10.0\BuildHost-netcore\ja\System.CommandLine.resources.dll
		src\Infrastructure\bin\Debug\net10.0\BuildHost-netcore\it\System.CommandLine.resources.dll = src\Infrastructure\bin\Debug\net10.0\BuildHost-netcore\it\System.CommandLine.resources.dll
		src\Infrastructure\bin\Debug\net10.0\BuildHost-netcore\cs\System.CommandLine.resources.dll = src\Infrastructure\bin\Debug\net10.0\BuildHost-netcore\cs\System.CommandLine.resources.dll
		src\Infrastructure\bin\Debug\net10.0\BuildHost-netcore\ru\System.CommandLine.resources.dll = src\Infrastructure\bin\Debug\net10.0\BuildHost-netcore\ru\System.CommandLine.resources.dll
		src\Infrastructure\bin\Debug\net10.0\BuildHost-netcore\System.CommandLine.dll = src\Infrastructure\bin\Debug\net10.0\BuildHost-netcore\System.CommandLine.dll
		src\Infrastructure\bin\Debug\net10.0\BuildHost-netcore\Newtonsoft.Json.dll = src\Infrastructure\bin\Debug\net10.0\BuildHost-netcore\Newtonsoft.Json.dll
		src\Infrastructure\bin\Debug\net10.0\BuildHost-netcore\pt-BR\System.CommandLine.resources.dll = src\Infrastructure\bin\Debug\net10.0\BuildHost-netcore\pt-BR\System.CommandLine.resources.dll
		src\Infrastructure\bin\Debug\net10.0\BuildHost-netcore\de\System.CommandLine.resources.dll = src\Infrastructure\bin\Debug\net10.0\BuildHost-netcore\de\System.CommandLine.resources.dll
		src\Infrastructure\bin\Debug\net10.0\BuildHost-netcore\ko\System.CommandLine.resources.dll = src\Infrastructure\bin\Debug\net10.0\BuildHost-netcore\ko\System.CommandLine.resources.dll
		src\Infrastructure\bin\Debug\net10.0\BuildHost-netcore\fr\System.CommandLine.resources.dll = src\Infrastructure\bin\Debug\net10.0\BuildHost-netcore\fr\System.CommandLine.resources.dll
		src\Infrastructure\bin\Debug\net10.0\BuildHost-netcore\es\System.CommandLine.resources.dll = src\Infrastructure\bin\Debug\net10.0\BuildHost-netcore\es\System.CommandLine.resources.dll
		src\Infrastructure\bin\Debug\net10.0\BuildHost-netcore\System.Collections.Immutable.dll = src\Infrastructure\bin\Debug\net10.0\BuildHost-netcore\System.Collections.Immutable.dll
		src\Infrastructure\bin\Debug\net10.0\BuildHost-netcore\Microsoft.CodeAnalysis.Workspaces.MSBuild.BuildHost.runtimeconfig.json = src\Infrastructure\bin\Debug\net10.0\BuildHost-netcore\Microsoft.CodeAnalysis.Workspaces.MSBuild.BuildHost.runtimeconfig.json
		src\Infrastructure\bin\Debug\net10.0\BuildHost-netcore\tr\System.CommandLine.resources.dll = src\Infrastructure\bin\Debug\net10.0\BuildHost-netcore\tr\System.CommandLine.resources.dll
		src\Infrastructure\bin\Debug\net10.0\Domain.dll = src\Infrastructure\bin\Debug\net10.0\Domain.dll
		src\Infrastructure\bin\Debug\net10.0\Application.dll = src\Infrastructure\bin\Debug\net10.0\Application.dll
		src\Infrastructure\bin\Debug\net10.0\Infrastructure.runtimeconfig.json = src\Infrastructure\bin\Debug\net10.0\Infrastructure.runtimeconfig.json
		src\Infrastructure\bin\Debug\net10.0\Infrastructure.deps.json = src\Infrastructure\bin\Debug\net10.0\Infrastructure.deps.json
		src\Infrastructure\DependencyInjection.cs = src\Infrastructure\DependencyInjection.cs
		src\Infrastructure\Data\Configurations\TeamConfiguration.cs = src\Infrastructure\Data\Configurations\TeamConfiguration.cs
		src\Infrastructure\Data\Configurations\WeatherReadingConfiguration.cs = src\Infrastructure\Data\Configurations\WeatherReadingConfiguration.cs
		src\Infrastructure\Data\Configurations\LapConfiguration.cs = src\Infrastructure\Data\Configurations\LapConfiguration.cs
		src\Infrastructure\Data\Configurations\DriverConfiguration.cs = src\Infrastructure\Data\Configurations\DriverConfiguration.cs
		src\Infrastructure\Data\Seeding\ResilientJsonConverters.cs = src\Infrastructure\Data\Seeding\ResilientJsonConverters.cs
		src\Infrastructure\Data\Seeding\LapTimesDocument.cs = src\Infrastructure\Data\Seeding\LapTimesDocument.cs
		src\Infrastructure\Data\ApplicationDbContextInitialiser.cs = src\Infrastructure\Data\ApplicationDbContextInitialiser.cs
		src\Infrastructure\Data\ApplicationDbContext.cs = src\Infrastructure\Data\ApplicationDbContext.cs
		src\Domain\obj\Domain.csproj.nuget.g.props = src\Domain\obj\Domain.csproj.nuget.g.props
		src\Domain\obj\Domain.csproj.nuget.g.targets = src\Domain\obj\Domain.csproj.nuget.g.targets
		src\Domain\obj\Domain.csproj.nuget.dgspec.json = src\Domain\obj\Domain.csproj.nuget.dgspec.json
		src\Domain\obj\project.nuget.cache = src\Domain\obj\project.nuget.cache
		src\Domain\obj\rider.project.model.nuget.info = src\Domain\obj\rider.project.model.nuget.info
		src\Domain\obj\project.assets.json = src\Domain\obj\project.assets.json
		src\Domain\obj\Debug\net10.0\Domain.csproj.FileListAbsolute.txt = src\Domain\obj\Debug\net10.0\Domain.csproj.FileListAbsolute.txt
		src\Domain\obj\Debug\net10.0\Domain.AssemblyInfoInputs.cache = src\Domain\obj\Debug\net10.0\Domain.AssemblyInfoInputs.cache
		src\Domain\obj\Debug\net10.0\ref\Domain.dll = src\Domain\obj\Debug\net10.0\ref\Domain.dll
		src\Domain\obj\Debug\net10.0\Domain.assets.cache = src\Domain\obj\Debug\net10.0\Domain.assets.cache
		src\Domain\obj\Debug\net10.0\refint\Domain.dll = src\Domain\obj\Debug\net10.0\refint\Domain.dll
		src\Domain\obj\Debug\net10.0\Domain.GlobalUsings.g.cs = src\Domain\obj\Debug\net10.0\Domain.GlobalUsings.g.cs
		src\Domain\obj\Debug\net10.0\Domain.GeneratedMSBuildEditorConfig.editorconfig = src\Domain\obj\Debug\net10.0\Domain.GeneratedMSBuildEditorConfig.editorconfig
		src\Domain\obj\Debug\net10.0\Domain.pdb = src\Domain\obj\Debug\net10.0\Domain.pdb
		src\Domain\obj\Debug\net10.0\.NETCoreApp,Version = src\Domain\obj\Debug\net10.0\.NETCoreApp,Version
		src\Domain\obj\Debug\net10.0\Domain.dll = src\Domain\obj\Debug\net10.0\Domain.dll
		src\Domain\obj\Debug\net10.0\Domain.sourcelink.json = src\Domain\obj\Debug\net10.0\Domain.sourcelink.json
		src\Domain\obj\Debug\net10.0\Domain.csproj.CoreCompileInputs.cache = src\Domain\obj\Debug\net10.0\Domain.csproj.CoreCompileInputs.cache
		src\Domain\obj\Debug\net10.0\Domain.AssemblyInfo.cs = src\Domain\obj\Debug\net10.0\Domain.AssemblyInfo.cs
		src\Domain\bin\Debug\net10.0\Domain.deps.json = src\Domain\bin\Debug\net10.0\Domain.deps.json
		src\Domain\bin\Debug\net10.0\Domain.pdb = src\Domain\bin\Debug\net10.0\Domain.pdb
		src\Domain\bin\Debug\net10.0\Domain.dll = src\Domain\bin\Debug\net10.0\Domain.dll
		src\Domain\Enums\TyreCompound.cs = src\Domain\Enums\TyreCompound.cs
		src\Domain\Common\BaseEntity.cs = src\Domain\Common\BaseEntity.cs
		src\Domain\Common\BaseAuditableEntity.cs = src\Domain\Common\BaseAuditableEntity.cs
		src\Domain\Domain.csproj = src\Domain\Domain.csproj
		src\Domain\Entities\WeatherReading.cs = src\Domain\Entities\WeatherReading.cs
		src\Domain\Entities\Team.cs = src\Domain\Entities\Team.cs
		src\Domain\Entities\Driver.cs = src\Domain\Entities\Driver.cs
		src\Domain\Entities\Lap.cs = src\Domain\Entities\Lap.cs
	EndProjectSection
EndProject
Global
	GlobalSection(SolutionConfigurationPlatforms) = preSolution
		Debug|Any CPU = Debug|Any CPU
		Debug|x64 = Debug|x64
		Debug|x86 = Debug|x86
		Release|Any CPU = Release|Any CPU
		Release|x64 = Release|x64
		Release|x86 = Release|x86
	EndGlobalSection
	GlobalSection(ProjectConfigurationPlatforms) = postSolution
		{9DE06C56-142E-498A-B0AF-180431061C18}.Debug|Any CPU.ActiveCfg = Debug|Any CPU
		{9DE06C56-142E-498A-B0AF-180431061C18}.Debug|Any CPU.Build.0 = Debug|Any CPU
		{9DE06C56-142E-498A-B0AF-180431061C18}.Debug|x64.ActiveCfg = Debug|Any CPU
		{9DE06C56-142E-498A-B0AF-180431061C18}.Debug|x64.Build.0 = Debug|Any CPU
		{9DE06C56-142E-498A-B0AF-180431061C18}.Debug|x86.ActiveCfg = Debug|Any CPU
		{9DE06C56-142E-498A-B0AF-180431061C18}.Debug|x86.Build.0 = Debug|Any CPU
		{9DE06C56-142E-498A-B0AF-180431061C18}.Release|Any CPU.ActiveCfg = Release|Any CPU
		{9DE06C56-142E-498A-B0AF-180431061C18}.Release|Any CPU.Build.0 = Release|Any CPU
		{9DE06C56-142E-498A-B0AF-180431061C18}.Release|x64.ActiveCfg = Release|Any CPU
		{9DE06C56-142E-498A-B0AF-180431061C18}.Release|x64.Build.0 = Release|Any CPU
		{9DE06C56-142E-498A-B0AF-180431061C18}.Release|x86.ActiveCfg = Release|Any CPU
		{9DE06C56-142E-498A-B0AF-180431061C18}.Release|x86.Build.0 = Release|Any CPU
		{11427B45-8142-43F7-BC57-0A2250BFE6F3}.Debug|Any CPU.ActiveCfg = Debug|Any CPU
		{11427B45-8142-43F7-BC57-0A2250BFE6F3}.Debug|Any CPU.Build.0 = Debug|Any CPU
		{11427B45-8142-43F7-BC57-0A2250BFE6F3}.Debug|x64.ActiveCfg = Debug|Any CPU
		{11427B45-8142-43F7-BC57-0A2250BFE6F3}.Debug|x64.Build.0 = Debug|Any CPU
		{11427B45-8142-43F7-BC57-0A2250BFE6F3}.Debug|x86.ActiveCfg = Debug|Any CPU
		{11427B45-8142-43F7-BC57-0A2250BFE6F3}.Debug|x86.Build.0 = Debug|Any CPU
		{11427B45-8142-43F7-BC57-0A2250BFE6F3}.Release|Any CPU.ActiveCfg = Release|Any CPU
		{11427B45-8142-43F7-BC57-0A2250BFE6F3}.Release|Any CPU.Build.0 = Release|Any CPU
		{11427B45-8142-43F7-BC57-0A2250BFE6F3}.Release|x64.ActiveCfg = Release|Any CPU
		{11427B45-8142-43F7-BC57-0A2250BFE6F3}.Release|x64.Build.0 = Release|Any CPU
		{11427B45-8142-43F7-BC57-0A2250BFE6F3}.Release|x86.ActiveCfg = Release|Any CPU
		{11427B45-8142-43F7-BC57-0A2250BFE6F3}.Release|x86.Build.0 = Release|Any CPU
		{5511DFDF-C054-4F9B-BDBB-5563B6B82216}.Debug|Any CPU.ActiveCfg = Debug|Any CPU
		{5511DFDF-C054-4F9B-BDBB-5563B6B82216}.Debug|Any CPU.Build.0 = Debug|Any CPU
		{5511DFDF-C054-4F9B-BDBB-5563B6B82216}.Debug|x64.ActiveCfg = Debug|Any CPU
		{5511DFDF-C054-4F9B-BDBB-5563B6B82216}.Debug|x64.Build.0 = Debug|Any CPU
		{5511DFDF-C054-4F9B-BDBB-5563B6B82216}.Debug|x86.ActiveCfg = Debug|Any CPU
		{5511DFDF-C054-4F9B-BDBB-5563B6B82216}.Debug|x86.Build.0 = Debug|Any CPU
		{5511DFDF-C054-4F9B-BDBB-5563B6B82216}.Release|Any CPU.ActiveCfg = Release|Any CPU
		{5511DFDF-C054-4F9B-BDBB-5563B6B82216}.Release|Any CPU.Build.0 = Release|Any CPU
		{5511DFDF-C054-4F9B-BDBB-5563B6B82216}.Release|x64.ActiveCfg = Release|Any CPU
		{5511DFDF-C054-4F9B-BDBB-5563B6B82216}.Release|x64.Build.0 = Release|Any CPU
		{5511DFDF-C054-4F9B-BDBB-5563B6B82216}.Release|x86.ActiveCfg = Release|Any CPU
		{5511DFDF-C054-4F9B-BDBB-5563B6B82216}.Release|x86.Build.0 = Release|Any CPU
		{33F28DCB-962A-4998-A1D5-73F2E4088B60}.Debug|Any CPU.ActiveCfg = Debug|Any CPU
		{33F28DCB-962A-4998-A1D5-73F2E4088B60}.Debug|Any CPU.Build.0 = Debug|Any CPU
		{33F28DCB-962A-4998-A1D5-73F2E4088B60}.Debug|x64.ActiveCfg = Debug|Any CPU
		{33F28DCB-962A-4998-A1D5-73F2E4088B60}.Debug|x64.Build.0 = Debug|Any CPU
		{33F28DCB-962A-4998-A1D5-73F2E4088B60}.Debug|x86.ActiveCfg = Debug|Any CPU
		{33F28DCB-962A-4998-A1D5-73F2E4088B60}.Debug|x86.Build.0 = Debug|Any CPU
		{33F28DCB-962A-4998-A1D5-73F2E4088B60}.Release|Any CPU.ActiveCfg = Release|Any CPU
		{33F28DCB-962A-4998-A1D5-73F2E4088B60}.Release|Any CPU.Build.0 = Release|Any CPU
		{33F28DCB-962A-4998-A1D5-73F2E4088B60}.Release|x64.ActiveCfg = Release|Any CPU
		{33F28DCB-962A-4998-A1D5-73F2E4088B60}.Release|x64.Build.0 = Release|Any CPU
		{33F28DCB-962A-4998-A1D5-73F2E4088B60}.Release|x86.ActiveCfg = Release|Any CPU
		{33F28DCB-962A-4998-A1D5-73F2E4088B60}.Release|x86.Build.0 = Release|Any CPU
		{C461C6CF-0669-440F-A45F-81996F93E020}.Debug|Any CPU.ActiveCfg = Debug|Any CPU
		{C461C6CF-0669-440F-A45F-81996F93E020}.Debug|Any CPU.Build.0 = Debug|Any CPU
		{C461C6CF-0669-440F-A45F-81996F93E020}.Debug|x64.ActiveCfg = Debug|Any CPU
		{C461C6CF-0669-440F-A45F-81996F93E020}.Debug|x64.Build.0 = Debug|Any CPU
		{C461C6CF-0669-440F-A45F-81996F93E020}.Debug|x86.ActiveCfg = Debug|Any CPU
		{C461C6CF-0669-440F-A45F-81996F93E020}.Debug|x86.Build.0 = Debug|Any CPU
		{C461C6CF-0669-440F-A45F-81996F93E020}.Release|Any CPU.ActiveCfg = Release|Any CPU
		{C461C6CF-0669-440F-A45F-81996F93E020}.Release|Any CPU.Build.0 = Release|Any CPU
		{C461C6CF-0669-440F-A45F-81996F93E020}.Release|x64.ActiveCfg = Release|Any CPU
		{C461C6CF-0669-440F-A45F-81996F93E020}.Release|x64.Build.0 = Release|Any CPU
		{C461C6CF-0669-440F-A45F-81996F93E020}.Release|x86.ActiveCfg = Release|Any CPU
		{C461C6CF-0669-440F-A45F-81996F93E020}.Release|x86.Build.0 = Release|Any CPU
	EndGlobalSection
	GlobalSection(SolutionProperties) = preSolution
		HideSolutionNode = FALSE
	EndGlobalSection
	GlobalSection(NestedProjects) = preSolution
		{9DE06C56-142E-498A-B0AF-180431061C18} = {596600B5-174B-4227-AD32-85E86D03E47B}
		{11427B45-8142-43F7-BC57-0A2250BFE6F3} = {596600B5-174B-4227-AD32-85E86D03E47B}
		{5511DFDF-C054-4F9B-BDBB-5563B6B82216} = {596600B5-174B-4227-AD32-85E86D03E47B}
		{33F28DCB-962A-4998-A1D5-73F2E4088B60} = {596600B5-174B-4227-AD32-85E86D03E47B}
		{C461C6CF-0669-440F-A45F-81996F93E020} = {3FF6AAD4-E72D-46DD-A3F5-BB5E90092BB3}
	EndGlobalSection
EndGlobal
